
Microsoft Visual Studio Solution File, Format Version 12.00
# Visual Studio Version 17
VisualStudioVersion = 17.5.002.0
MinimumVisualStudioVersion = 10.0.40219.1
Project("{9A19103F-16F7-4668-BE54-9A1E7A4F7556}") = "Rabbit.ASB.AMQP.PoC", "Rabbit.ASB.AMQP.PoC.csproj", "{522058F1-EAFF-4B3F-B1A5-E7C615262A09}"
EndProject
Global
	GlobalSection(SolutionConfigurationPlatforms) = preSolution
		Debug|Any CPU = Debug|Any CPU
		Release|Any CPU = Release|Any CPU
	EndGlobalSection
	GlobalSection(ProjectConfigurationPlatforms) = postSolution
		{522058F1-EAFF-4B3F-B1A5-E7C615262A09}.Debug|Any CPU.ActiveCfg = Debug|Any CPU
		{522058F1-EAFF-4B3F-B1A5-E7C615262A09}.Debug|Any CPU.Build.0 = Debug|Any CPU
		{522058F1-EAFF-4B3F-B1A5-E7C615262A09}.Release|Any CPU.ActiveCfg = Release|Any CPU
		{522058F1-EAFF-4B3F-B1A5-E7C615262A09}.Release|Any CPU.Build.0 = Release|Any CPU
	EndGlobalSection
	GlobalSection(SolutionProperties) = preSolution
		HideSolutionNode = FALSE
	EndGlobalSection
	GlobalSection(ExtensibilityGlobals) = postSolution
		SolutionGuid = {5860C15C-CA4F-4746-AB74-3BAD24F1572E}
	EndGlobalSection
EndGlobal
